
Microsoft Visual Studio Solution File, Format Version 12.00
# Visual Studio Version 17
VisualStudioVersion = 17.8.34525.116
MinimumVisualStudioVersion = 10.0.40219.1
Project("{9A19103F-16F7-4668-BE54-9A1E7A4F7556}") = "HarryPotter", "HarryPotter.csproj", "{20BB9AB5-FD1B-4F84-894A-AB6E74EF859C}"
EndProject
Global
	GlobalSection(SolutionConfigurationPlatforms) = preSolution
		Debug|Any CPU = Debug|Any CPU
		Release|Any CPU = Release|Any CPU
	EndGlobalSection
	GlobalSection(ProjectConfigurationPlatforms) = postSolution
		{20BB9AB5-FD1B-4F84-894A-AB6E74EF859C}.Debug|Any CPU.ActiveCfg = Debug|Any CPU
		{20BB9AB5-FD1B-4F84-894A-AB6E74EF859C}.Debug|Any CPU.Build.0 = Debug|Any CPU
		{20BB9AB5-FD1B-4F84-894A-AB6E74EF859C}.Release|Any CPU.ActiveCfg = Release|Any CPU
		{20BB9AB5-FD1B-4F84-894A-AB6E74EF859C}.Release|Any CPU.Build.0 = Release|Any CPU
	EndGlobalSection
	GlobalSection(SolutionProperties) = preSolution
		HideSolutionNode = FALSE
	EndGlobalSection
	GlobalSection(ExtensibilityGlobals) = postSolution
		SolutionGuid = {720D52AB-4CE5-403C-9EB8-0569A00AFBD8}
	EndGlobalSection
EndGlobal
