
Microsoft Visual Studio Solution File, Format Version 12.00
# Visual Studio Version 17
VisualStudioVersion = 17.8.34525.116
MinimumVisualStudioVersion = 10.0.40219.1
Project("{FAE04EC0-301F-11D3-BF4B-00C04F79EFBC}") = "AceleradorDeParticulasV2", "AceleradorDeParticulasV2.csproj", "{01879C16-5BDB-4023-9829-770D2DE2338C}"
EndProject
Global
	GlobalSection(SolutionConfigurationPlatforms) = preSolution
		Debug|Any CPU = Debug|Any CPU
		Release|Any CPU = Release|Any CPU
	EndGlobalSection
	GlobalSection(ProjectConfigurationPlatforms) = postSolution
		{01879C16-5BDB-4023-9829-770D2DE2338C}.Debug|Any CPU.ActiveCfg = Debug|Any CPU
		{01879C16-5BDB-4023-9829-770D2DE2338C}.Debug|Any CPU.Build.0 = Debug|Any CPU
		{01879C16-5BDB-4023-9829-770D2DE2338C}.Release|Any CPU.ActiveCfg = Release|Any CPU
		{01879C16-5BDB-4023-9829-770D2DE2338C}.Release|Any CPU.Build.0 = Release|Any CPU
	EndGlobalSection
	GlobalSection(SolutionProperties) = preSolution
		HideSolutionNode = FALSE
	EndGlobalSection
	GlobalSection(ExtensibilityGlobals) = postSolution
		SolutionGuid = {3F083884-CDF9-46E5-AF1C-D72FE646A5A6}
	EndGlobalSection
EndGlobal
