
Microsoft Visual Studio Solution File, Format Version 12.00
# Visual Studio Version 17
VisualStudioVersion = 17.8.34525.116
MinimumVisualStudioVersion = 10.0.40219.1
Project("{FAE04EC0-301F-11D3-BF4B-00C04F79EFBC}") = "Questao17", "Questao17.csproj", "{FB2FA092-AA55-4A19-9E1A-4AB43526F6EF}"
EndProject
Global
	GlobalSection(SolutionConfigurationPlatforms) = preSolution
		Debug|Any CPU = Debug|Any CPU
		Release|Any CPU = Release|Any CPU
	EndGlobalSection
	GlobalSection(ProjectConfigurationPlatforms) = postSolution
		{FB2FA092-AA55-4A19-9E1A-4AB43526F6EF}.Debug|Any CPU.ActiveCfg = Debug|Any CPU
		{FB2FA092-AA55-4A19-9E1A-4AB43526F6EF}.Debug|Any CPU.Build.0 = Debug|Any CPU
		{FB2FA092-AA55-4A19-9E1A-4AB43526F6EF}.Release|Any CPU.ActiveCfg = Release|Any CPU
		{FB2FA092-AA55-4A19-9E1A-4AB43526F6EF}.Release|Any CPU.Build.0 = Release|Any CPU
	EndGlobalSection
	GlobalSection(SolutionProperties) = preSolution
		HideSolutionNode = FALSE
	EndGlobalSection
	GlobalSection(ExtensibilityGlobals) = postSolution
		SolutionGuid = {4636E677-9A0C-49B7-BB91-22295E81579A}
	EndGlobalSection
EndGlobal
