
Microsoft Visual Studio Solution File, Format Version 12.00
# Visual Studio Version 17
VisualStudioVersion = 17.8.34525.116
MinimumVisualStudioVersion = 10.0.40219.1
Project("{FAE04EC0-301F-11D3-BF4B-00C04F79EFBC}") = "Questao13", "Questao13.csproj", "{FBC72A9E-79FF-49A6-AA9E-CD95946AD26B}"
EndProject
Global
	GlobalSection(SolutionConfigurationPlatforms) = preSolution
		Debug|Any CPU = Debug|Any CPU
		Release|Any CPU = Release|Any CPU
	EndGlobalSection
	GlobalSection(ProjectConfigurationPlatforms) = postSolution
		{FBC72A9E-79FF-49A6-AA9E-CD95946AD26B}.Debug|Any CPU.ActiveCfg = Debug|Any CPU
		{FBC72A9E-79FF-49A6-AA9E-CD95946AD26B}.Debug|Any CPU.Build.0 = Debug|Any CPU
		{FBC72A9E-79FF-49A6-AA9E-CD95946AD26B}.Release|Any CPU.ActiveCfg = Release|Any CPU
		{FBC72A9E-79FF-49A6-AA9E-CD95946AD26B}.Release|Any CPU.Build.0 = Release|Any CPU
	EndGlobalSection
	GlobalSection(SolutionProperties) = preSolution
		HideSolutionNode = FALSE
	EndGlobalSection
	GlobalSection(ExtensibilityGlobals) = postSolution
		SolutionGuid = {9F682F04-56B2-441E-8E26-B8244EDE1DFF}
	EndGlobalSection
EndGlobal
