
Microsoft Visual Studio Solution File, Format Version 12.00
# Visual Studio Version 17
VisualStudioVersion = 17.8.34525.116
MinimumVisualStudioVersion = 10.0.40219.1
Project("{FAE04EC0-301F-11D3-BF4B-00C04F79EFBC}") = "Questao24", "Questao24.csproj", "{117C4153-43CF-43A1-A345-251E65214FE0}"
EndProject
Global
	GlobalSection(SolutionConfigurationPlatforms) = preSolution
		Debug|Any CPU = Debug|Any CPU
		Release|Any CPU = Release|Any CPU
	EndGlobalSection
	GlobalSection(ProjectConfigurationPlatforms) = postSolution
		{117C4153-43CF-43A1-A345-251E65214FE0}.Debug|Any CPU.ActiveCfg = Debug|Any CPU
		{117C4153-43CF-43A1-A345-251E65214FE0}.Debug|Any CPU.Build.0 = Debug|Any CPU
		{117C4153-43CF-43A1-A345-251E65214FE0}.Release|Any CPU.ActiveCfg = Release|Any CPU
		{117C4153-43CF-43A1-A345-251E65214FE0}.Release|Any CPU.Build.0 = Release|Any CPU
	EndGlobalSection
	GlobalSection(SolutionProperties) = preSolution
		HideSolutionNode = FALSE
	EndGlobalSection
	GlobalSection(ExtensibilityGlobals) = postSolution
		SolutionGuid = {1A3EAC78-38D2-4CED-8070-7220756A86CA}
	EndGlobalSection
EndGlobal
