
Microsoft Visual Studio Solution File, Format Version 12.00
# Visual Studio Version 17
VisualStudioVersion = 17.8.34525.116
MinimumVisualStudioVersion = 10.0.40219.1
Project("{FAE04EC0-301F-11D3-BF4B-00C04F79EFBC}") = "JogoDoMaior", "JogoDoMaior.csproj", "{C0B3F6DD-7A9C-48BC-8C4B-1BB7F08EA887}"
EndProject
Global
	GlobalSection(SolutionConfigurationPlatforms) = preSolution
		Debug|Any CPU = Debug|Any CPU
		Release|Any CPU = Release|Any CPU
	EndGlobalSection
	GlobalSection(ProjectConfigurationPlatforms) = postSolution
		{C0B3F6DD-7A9C-48BC-8C4B-1BB7F08EA887}.Debug|Any CPU.ActiveCfg = Debug|Any CPU
		{C0B3F6DD-7A9C-48BC-8C4B-1BB7F08EA887}.Debug|Any CPU.Build.0 = Debug|Any CPU
		{C0B3F6DD-7A9C-48BC-8C4B-1BB7F08EA887}.Release|Any CPU.ActiveCfg = Release|Any CPU
		{C0B3F6DD-7A9C-48BC-8C4B-1BB7F08EA887}.Release|Any CPU.Build.0 = Release|Any CPU
	EndGlobalSection
	GlobalSection(SolutionProperties) = preSolution
		HideSolutionNode = FALSE
	EndGlobalSection
	GlobalSection(ExtensibilityGlobals) = postSolution
		SolutionGuid = {CDF2E792-3419-4735-9CDF-7C4A13D70A4C}
	EndGlobalSection
EndGlobal
