
Microsoft Visual Studio Solution File, Format Version 12.00
# Visual Studio Version 17
VisualStudioVersion = 17.8.34525.116
MinimumVisualStudioVersion = 10.0.40219.1
Project("{FAE04EC0-301F-11D3-BF4B-00C04F79EFBC}") = "Questao20", "Questao20.csproj", "{DDF15EED-523A-47DC-8BB3-CB176CFB57D0}"
EndProject
Global
	GlobalSection(SolutionConfigurationPlatforms) = preSolution
		Debug|Any CPU = Debug|Any CPU
		Release|Any CPU = Release|Any CPU
	EndGlobalSection
	GlobalSection(ProjectConfigurationPlatforms) = postSolution
		{DDF15EED-523A-47DC-8BB3-CB176CFB57D0}.Debug|Any CPU.ActiveCfg = Debug|Any CPU
		{DDF15EED-523A-47DC-8BB3-CB176CFB57D0}.Debug|Any CPU.Build.0 = Debug|Any CPU
		{DDF15EED-523A-47DC-8BB3-CB176CFB57D0}.Release|Any CPU.ActiveCfg = Release|Any CPU
		{DDF15EED-523A-47DC-8BB3-CB176CFB57D0}.Release|Any CPU.Build.0 = Release|Any CPU
	EndGlobalSection
	GlobalSection(SolutionProperties) = preSolution
		HideSolutionNode = FALSE
	EndGlobalSection
	GlobalSection(ExtensibilityGlobals) = postSolution
		SolutionGuid = {77CC5B09-6E79-4F80-99A3-A87E980116B7}
	EndGlobalSection
EndGlobal
