
Microsoft Visual Studio Solution File, Format Version 12.00
# Visual Studio Version 17
VisualStudioVersion = 17.8.34525.116
MinimumVisualStudioVersion = 10.0.40219.1
Project("{FAE04EC0-301F-11D3-BF4B-00C04F79EFBC}") = "Questao27", "Questao27.csproj", "{77D50173-CB97-46A3-9BD1-05059A361CC3}"
EndProject
Global
	GlobalSection(SolutionConfigurationPlatforms) = preSolution
		Debug|Any CPU = Debug|Any CPU
		Release|Any CPU = Release|Any CPU
	EndGlobalSection
	GlobalSection(ProjectConfigurationPlatforms) = postSolution
		{77D50173-CB97-46A3-9BD1-05059A361CC3}.Debug|Any CPU.ActiveCfg = Debug|Any CPU
		{77D50173-CB97-46A3-9BD1-05059A361CC3}.Debug|Any CPU.Build.0 = Debug|Any CPU
		{77D50173-CB97-46A3-9BD1-05059A361CC3}.Release|Any CPU.ActiveCfg = Release|Any CPU
		{77D50173-CB97-46A3-9BD1-05059A361CC3}.Release|Any CPU.Build.0 = Release|Any CPU
	EndGlobalSection
	GlobalSection(SolutionProperties) = preSolution
		HideSolutionNode = FALSE
	EndGlobalSection
	GlobalSection(ExtensibilityGlobals) = postSolution
		SolutionGuid = {8A913DD5-7E85-4CFC-9DC9-CAFD7E2E654C}
	EndGlobalSection
EndGlobal
