
Microsoft Visual Studio Solution File, Format Version 12.00
# Visual Studio Version 17
VisualStudioVersion = 17.9.34728.123
MinimumVisualStudioVersion = 10.0.40219.1
Project("{FAE04EC0-301F-11D3-BF4B-00C04F79EFBC}") = "Questao29", "Questao29.csproj", "{64166C78-501C-4DE6-9622-E2B463C8D00E}"
EndProject
Global
	GlobalSection(SolutionConfigurationPlatforms) = preSolution
		Debug|Any CPU = Debug|Any CPU
		Release|Any CPU = Release|Any CPU
	EndGlobalSection
	GlobalSection(ProjectConfigurationPlatforms) = postSolution
		{64166C78-501C-4DE6-9622-E2B463C8D00E}.Debug|Any CPU.ActiveCfg = Debug|Any CPU
		{64166C78-501C-4DE6-9622-E2B463C8D00E}.Debug|Any CPU.Build.0 = Debug|Any CPU
		{64166C78-501C-4DE6-9622-E2B463C8D00E}.Release|Any CPU.ActiveCfg = Release|Any CPU
		{64166C78-501C-4DE6-9622-E2B463C8D00E}.Release|Any CPU.Build.0 = Release|Any CPU
	EndGlobalSection
	GlobalSection(SolutionProperties) = preSolution
		HideSolutionNode = FALSE
	EndGlobalSection
	GlobalSection(ExtensibilityGlobals) = postSolution
		SolutionGuid = {5DA78144-B4A6-4CF1-953E-205AEAFCF1F9}
	EndGlobalSection
EndGlobal
