
Microsoft Visual Studio Solution File, Format Version 12.00
# Visual Studio Version 17
VisualStudioVersion = 17.8.34525.116
MinimumVisualStudioVersion = 10.0.40219.1
Project("{FAE04EC0-301F-11D3-BF4B-00C04F79EFBC}") = "Questao5", "Questao5.csproj", "{ECFA9CEA-866C-48E1-BA3B-918F88F059BC}"
EndProject
Global
	GlobalSection(SolutionConfigurationPlatforms) = preSolution
		Debug|Any CPU = Debug|Any CPU
		Release|Any CPU = Release|Any CPU
	EndGlobalSection
	GlobalSection(ProjectConfigurationPlatforms) = postSolution
		{ECFA9CEA-866C-48E1-BA3B-918F88F059BC}.Debug|Any CPU.ActiveCfg = Debug|Any CPU
		{ECFA9CEA-866C-48E1-BA3B-918F88F059BC}.Debug|Any CPU.Build.0 = Debug|Any CPU
		{ECFA9CEA-866C-48E1-BA3B-918F88F059BC}.Release|Any CPU.ActiveCfg = Release|Any CPU
		{ECFA9CEA-866C-48E1-BA3B-918F88F059BC}.Release|Any CPU.Build.0 = Release|Any CPU
	EndGlobalSection
	GlobalSection(SolutionProperties) = preSolution
		HideSolutionNode = FALSE
	EndGlobalSection
	GlobalSection(ExtensibilityGlobals) = postSolution
		SolutionGuid = {4A8D04D8-2B61-42A6-AA39-D58E8EB9FD07}
	EndGlobalSection
EndGlobal
